
Microsoft Visual Studio Solution File, Format Version 12.00
# Visual Studio Version 17
VisualStudioVersion = 17.14.36127.28 d17.14
MinimumVisualStudioVersion = 10.0.40219.1
Project("{FAE04EC0-301F-11D3-BF4B-00C04F79EFBC}") = "InnpvatioMedTech", "InnpvatioMedTech\InnpvatioMedTech.csproj", "{AB2B17F1-8405-4D0D-8B1C-0EC3CFF53EBF}"
EndProject
Global
	GlobalSection(SolutionConfigurationPlatforms) = preSolution
		Debug|Any CPU = Debug|Any CPU
		Release|Any CPU = Release|Any CPU
	EndGlobalSection
	GlobalSection(ProjectConfigurationPlatforms) = postSolution
		{AB2B17F1-8405-4D0D-8B1C-0EC3CFF53EBF}.Debug|Any CPU.ActiveCfg = Debug|Any CPU
		{AB2B17F1-8405-4D0D-8B1C-0EC3CFF53EBF}.Debug|Any CPU.Build.0 = Debug|Any CPU
		{AB2B17F1-8405-4D0D-8B1C-0EC3CFF53EBF}.Release|Any CPU.ActiveCfg = Release|Any CPU
		{AB2B17F1-8405-4D0D-8B1C-0EC3CFF53EBF}.Release|Any CPU.Build.0 = Release|Any CPU
	EndGlobalSection
	GlobalSection(SolutionProperties) = preSolution
		HideSolutionNode = FALSE
	EndGlobalSection
	GlobalSection(ExtensibilityGlobals) = postSolution
		SolutionGuid = {50930D5D-B572-4974-A8B6-43AA25EF53F8}
	EndGlobalSection
EndGlobal
